{
  "version": "2",
  "remote": {
    "https://deno.land/std@0.150.0/media_types/_util.ts": "ce9b4fc4ba1c447dafab619055e20fd88236ca6bdd7834a21f98bd193c3fbfa1",
    "https://deno.land/std@0.150.0/media_types/mod.ts": "2d4b6f32a087029272dc59e0a55ae3cc4d1b27b794ccf528e94b1925795b3118",
    "https://deno.land/std@0.150.0/media_types/vendor/mime-db.v1.52.0.ts": "724cee25fa40f1a52d3937d6b4fbbfdd7791ff55e1b7ac08d9319d5632c7f5af",
    "https://deno.land/std@0.168.0/async/abortable.ts": "80b2ac399f142cc528f95a037a7d0e653296352d95c681e284533765961de409",
    "https://deno.land/std@0.168.0/async/deadline.ts": "2c2deb53c7c28ca1dda7a3ad81e70508b1ebc25db52559de6b8636c9278fd41f",
    "https://deno.land/std@0.168.0/async/debounce.ts": "60301ffb37e730cd2d6f9dadfd0ecb2a38857681bd7aaf6b0a106b06e5210a98",
    "https://deno.land/std@0.168.0/async/deferred.ts": "77d3f84255c3627f1cc88699d8472b664d7635990d5358c4351623e098e917d6",
    "https://deno.land/std@0.168.0/async/delay.ts": "5a9bfba8de38840308a7a33786a0155a7f6c1f7a859558ddcec5fe06e16daf57",
    "https://deno.land/std@0.168.0/async/mod.ts": "7809ad4bb223e40f5fdc043e5c7ca04e0e25eed35c32c3c32e28697c553fa6d9",
    "https://deno.land/std@0.168.0/async/mux_async_iterator.ts": "770a0ff26c59f8bbbda6b703a2235f04e379f73238e8d66a087edc68c2a2c35f",
    "https://deno.land/std@0.168.0/async/pool.ts": "6854d8cd675a74c73391c82005cbbe4cc58183bddcd1fbbd7c2bcda42b61cf69",
    "https://deno.land/std@0.168.0/async/retry.ts": "e8e5173623915bbc0ddc537698fa418cf875456c347eda1ed453528645b42e67",
    "https://deno.land/std@0.168.0/async/tee.ts": "3a47cc4e9a940904fd4341f0224907e199121c80b831faa5ec2b054c6d2eff5e",
    "https://deno.land/std@0.168.0/http/server.ts": "e99c1bee8a3f6571ee4cdeb2966efad465b8f6fe62bec1bdb59c1f007cc4d155",
    "https://deno.land/std@0.184.0/_util/asserts.ts": "178dfc49a464aee693a7e285567b3d0b555dc805ff490505a8aae34f9cfb1462",
    "https://deno.land/std@0.184.0/_util/os.ts": "d932f56d41e4f6a6093d56044e29ce637f8dcc43c5a90af43504a889cf1775e3",
    "https://deno.land/std@0.184.0/path/_constants.ts": "e49961f6f4f48039c0dfed3c3f93e963ca3d92791c9d478ac5b43183413136e0",
    "https://deno.land/std@0.184.0/path/_interface.ts": "6471159dfbbc357e03882c2266d21ef9afdb1e4aa771b0545e90db58a0ba314b",
    "https://deno.land/std@0.184.0/path/_util.ts": "d7abb1e0dea065f427b89156e28cdeb32b045870acdf865833ba808a73b576d0",
    "https://deno.land/std@0.184.0/path/common.ts": "ee7505ab01fd22de3963b64e46cff31f40de34f9f8de1fff6a1bd2fe79380000",
    "https://deno.land/std@0.184.0/path/glob.ts": "d479e0a695621c94d3fd7fe7abd4f9499caf32a8de13f25073451c6ef420a4e1",
    "https://deno.land/std@0.184.0/path/mod.ts": "bf718f19a4fdd545aee1b06409ca0805bd1b68ecf876605ce632e932fe54510c",
    "https://deno.land/std@0.184.0/path/posix.ts": "8b7c67ac338714b30c816079303d0285dd24af6b284f7ad63da5b27372a2c94d",
    "https://deno.land/std@0.184.0/path/separator.ts": "0fb679739d0d1d7bf45b68dacfb4ec7563597a902edbaf3c59b50d5bcadd93b1",
    "https://deno.land/std@0.184.0/path/win32.ts": "d186344e5583bcbf8b18af416d13d82b35a317116e6460a5a3953508c3de5bba",
    "https://deno.land/std@0.185.0/fmt/colors.ts": "d67e3cd9f472535241a8e410d33423980bec45047e343577554d3356e1f0ef4e",
    "https://deno.land/std@0.185.0/testing/_diff.ts": "1a3c044aedf77647d6cac86b798c6417603361b66b54c53331b312caeb447aea",
    "https://deno.land/std@0.185.0/testing/_format.ts": "a69126e8a469009adf4cf2a50af889aca364c349797e63174884a52ff75cf4c7",
    "https://deno.land/std@0.185.0/testing/asserts.ts": "e16d98b4d73ffc4ed498d717307a12500ae4f2cbe668f1a215632d19fcffc22f",
    "https://deno.land/x/dotenv@v3.2.2/mod.ts": "077b48773de9205266a0b44c3c3a3c3083449ed64bb0b6cc461b95720678d38e",
    "https://deno.land/x/dotenv@v3.2.2/util.ts": "693730877b13f8ead2b79b2aa31e2a0652862f7dc0c5f6d2f313f4d39c7b7670",
    "https://deno.land/x/xhr@0.3.0/mod.ts": "094aacd627fd9635cd942053bf8032b5223b909858fa9dc8ffa583752ff63b20",
    "https://esm.sh/@supabase/supabase-js@2.21.0": "7126a96813586fdeb78cbfa8ffb525c33ee28964f9539781e939a7b7351254b0",
    "https://esm.sh/cookie@0.5.0": "e0d47da9f0e66fac7065c5bc1fe0069dbe9080d9985d6c35cc39798021fbd209",
    "https://esm.sh/v118/@supabase/functions-js@2.1.1/deno/functions-js.mjs": "f683466d219c530a4adb070cf25fd04a9b23e889a7119773f50b3505d4e6cff9",
    "https://esm.sh/v118/@supabase/functions-js@2.1.1/dist/module/FunctionsClient.d.ts": "c2e7bcf24374e6b99863f214eeef71e13d2c271039b48c9052c97f0cb3a16950",
    "https://esm.sh/v118/@supabase/functions-js@2.1.1/dist/module/index.d.ts": "1832b08edacd73b343430314bdf7af9ce456373fa3c5235b8dcdbbdf4e1d13ae",
    "https://esm.sh/v118/@supabase/functions-js@2.1.1/dist/module/types.d.ts": "085a4704c1c8969bcb9188fc018792f0c4e0387c465d26512ffc91d083767b76",
    "https://esm.sh/v118/@supabase/gotrue-js@2.24.0/deno/gotrue-js.mjs": "e17f067159ef5394be8c400ec806dc0f84ae6301a193d5110ead499849e842de",
    "https://esm.sh/v118/@supabase/gotrue-js@2.24.0/dist/module/GoTrueAdminApi.d.ts": "e26cd0616dfb78c1bd5a585ce693477968fa2d19b223b3f868e37c1b7927d16d",
    "https://esm.sh/v118/@supabase/gotrue-js@2.24.0/dist/module/GoTrueClient.d.ts": "45525c1509db16520b88442245a4fa78aefe6394f052a9d73773038395c61c64",
    "https://esm.sh/v118/@supabase/gotrue-js@2.24.0/dist/module/index.d.ts": "8cdbab5746a3ce56786025593191032aeb560f933279507c260d2bb65e83b636",
    "https://esm.sh/v118/@supabase/gotrue-js@2.24.0/dist/module/lib/errors.d.ts": "c472599ecee0d5a06e22629d18e9e2eac44139f98301fe2ba0389c3209d80ff5",
    "https://esm.sh/v118/@supabase/gotrue-js@2.24.0/dist/module/lib/fetch.d.ts": "0124365bdd93bdaefc37112cad6eafefdb01ae36c657770a64df7dbf5f305342",
    "https://esm.sh/v118/@supabase/gotrue-js@2.24.0/dist/module/lib/helpers.d.ts": "5ecb2cb22300da6b8f8f0a7c6ee8e1a6920ef274b2d2f4370320902f1950f363",
    "https://esm.sh/v118/@supabase/gotrue-js@2.24.0/dist/module/lib/types.d.ts": "d7c36bce7ea4b201ef51104fa15b28c5a69cfa1df554a08cd5e1e89297108cf8",
    "https://esm.sh/v118/@supabase/postgrest-js@1.6.0/deno/postgrest-js.mjs": "7dcf7afcb7c2aafe52b19849d8f0818c8fcff2006fcdd70fa64677d1ba5e4d45",
    "https://esm.sh/v118/@supabase/postgrest-js@1.6.0/dist/module/PostgrestBuilder.d.ts": "8aba1b4384974573cdd01f0fc7d688ef517d76f3f298151692b0b37249f0d1a3",
    "https://esm.sh/v118/@supabase/postgrest-js@1.6.0/dist/module/PostgrestClient.d.ts": "70bddc51d63d92a5f6817be70f4e0d232c6758b425792adb6a9912844aa18747",
    "https://esm.sh/v118/@supabase/postgrest-js@1.6.0/dist/module/PostgrestFilterBuilder.d.ts": "452fe5e11b369a1096a65914bb7233ab833f10609752b03340b31403734b7704",
    "https://esm.sh/v118/@supabase/postgrest-js@1.6.0/dist/module/PostgrestQueryBuilder.d.ts": "cbb328da55c90e2c40ed6dbffdff02bb58e1acf4c6e0259ccedba47f3d5589e4",
    "https://esm.sh/v118/@supabase/postgrest-js@1.6.0/dist/module/PostgrestTransformBuilder.d.ts": "eda6937c25925489d93fb1f28b58346358d95aec887fefd5bebe4a74cf8e3948",
    "https://esm.sh/v118/@supabase/postgrest-js@1.6.0/dist/module/index.d.ts": "fffbd398e6b4db2b1320e819d395493f3169219cfec082e09787ae2bb02baaa3",
    "https://esm.sh/v118/@supabase/postgrest-js@1.6.0/dist/module/select-query-parser.d.ts": "0a7efc7f0c36eb5accafa57c84863f4f0ac708f630a55c8e753baff5f6482e86",
    "https://esm.sh/v118/@supabase/postgrest-js@1.6.0/dist/module/types.d.ts": "b62bb9fdf20676f829bcf01b2348c9766b5d14a0451a964496e96ac49fcc2758",
    "https://esm.sh/v118/@supabase/realtime-js@2.7.2/deno/realtime-js.mjs": "36c6902d40a1dc0f2184a30cd73ace5a0e63b7df01e0e458490f63255f98a56e",
    "https://esm.sh/v118/@supabase/realtime-js@2.7.2/dist/module/RealtimeChannel.d.ts": "25649c81d3afb47af94fcaad4e018c41082a5cabd7c7be8c31f1ae73f85a9feb",
    "https://esm.sh/v118/@supabase/realtime-js@2.7.2/dist/module/RealtimeClient.d.ts": "1051d2176aa0bfcc715ec2f3b3ff7f0dbc289780884f78fbd896dac6a834a185",
    "https://esm.sh/v118/@supabase/realtime-js@2.7.2/dist/module/RealtimePresence.d.ts": "40f41fe9ed6a80c03c11ee4f836cda952fba70a54c9dd49bc2840ff4d7288e70",
    "https://esm.sh/v118/@supabase/realtime-js@2.7.2/dist/module/index.d.ts": "eeff0dbcd61707a889eb2370cf3617ef42ddc2f71d7d4d18e1e43542893c066d",
    "https://esm.sh/v118/@supabase/realtime-js@2.7.2/dist/module/lib/constants.d.ts": "b8392f2eb7cf41c3479c142875adbbe4b48bfafdced532165abc1cc68aa20cb5",
    "https://esm.sh/v118/@supabase/realtime-js@2.7.2/dist/module/lib/push.d.ts": "6c8e66ded1b50971ca48cbe5e33e02042f291b330f5010771925a054baec523d",
    "https://esm.sh/v118/@supabase/realtime-js@2.7.2/dist/module/lib/serializer.d.ts": "4990f875f6e9a1898655fdba7b822222f8b930bfb7c9253b4f047aa4b05d4ca1",
    "https://esm.sh/v118/@supabase/realtime-js@2.7.2/dist/module/lib/timer.d.ts": "ddf170afd193dc372316ed1f4a087f0e9732a5b8bd9cb9e5c3ac74f1cc676e31",
    "https://esm.sh/v118/@supabase/storage-js@2.5.1/deno/storage-js.mjs": "375c8154d4410238a1c7ffbcc7ef4ad8c5e06e93965fd000dac01d3dc7cb9f40",
    "https://esm.sh/v118/@supabase/storage-js@2.5.1/dist/module/StorageClient.d.ts": "716bdde7f3ea8f49606ac540ceb4b410facb9526668711ffb5676f7935f3408d",
    "https://esm.sh/v118/@supabase/storage-js@2.5.1/dist/module/index.d.ts": "07800a0eea5587ec26d8932a4f5f10871b9e017292ab05b74b27154fb5f98860",
    "https://esm.sh/v118/@supabase/storage-js@2.5.1/dist/module/lib/errors.d.ts": "753c82a97a0e1b05fec3989af93e4fbf2f4a3da3957584613768593ef5cc8bfc",
    "https://esm.sh/v118/@supabase/storage-js@2.5.1/dist/module/lib/fetch.d.ts": "18b68d37f6564cc754ade6371fc7e655a775e91b10abf0f45d0c037b93436761",
    "https://esm.sh/v118/@supabase/storage-js@2.5.1/dist/module/lib/types.d.ts": "bc29b8f4d3255b1a4de8fad248d4d639a7bd6f068811abc64e63e56fbf82cd75",
    "https://esm.sh/v118/@supabase/storage-js@2.5.1/dist/module/packages/StorageBucketApi.d.ts": "a208086081d13b7c864b62d35dcda19613662bc84470d792ef37ddcebccc5d70",
    "https://esm.sh/v118/@supabase/storage-js@2.5.1/dist/module/packages/StorageFileApi.d.ts": "7c7864dc770790be8b6129cf8e8d22bc1e3a2fb5e718401a7acdb1cf6cb7287a",
    "https://esm.sh/v118/@supabase/supabase-js@2.21.0/deno/supabase-js.mjs": "5540a87b849515c38ab6fa9630494cdb10bb39c1069e2065a7f11dc9f4ad9c9a",
    "https://esm.sh/v118/@supabase/supabase-js@2.21.0/dist/module/SupabaseClient.d.ts": "50f4edbe66ba2adcccca0ea4581c947c5231ab73366fbc3c6cbadd2ffd734924",
    "https://esm.sh/v118/@supabase/supabase-js@2.21.0/dist/module/index.d.ts": "909256118099567dc99899a9c398406590ddeb1fc88de5e07e6af658d346d8d9",
    "https://esm.sh/v118/@supabase/supabase-js@2.21.0/dist/module/lib/SupabaseAuthClient.d.ts": "ac6d92fda03f8ff36e9c2b8817182b6ef2bc43e82a240ae8444a19807d12a0a3",
    "https://esm.sh/v118/@supabase/supabase-js@2.21.0/dist/module/lib/types.d.ts": "dd376c2efccdf6c2381eeb23679df604aa19d3876c520e5a8940cbfb72e927b4",
    "https://esm.sh/v118/@types/cookie@0.5.1/index.d.ts": "4a547783c826c1dec10d96734687ae4db2e89d40261e91b5c327b60748315dc1",
    "https://esm.sh/v118/@types/phoenix@1.5.6/index.d.ts": "2b9f54bc632b077439fa3fb07a9daf30a77c668c27ef2ea14d3382acb445aca3",
    "https://esm.sh/v118/cookie@0.5.0/deno/cookie.mjs": "a31731752003e8c36df464748ca74f4278be944292bfea0b290bead55ff069e7",
    "https://esm.sh/v118/cross-fetch@3.1.5/deno/cross-fetch.mjs": "be43e2fc88afad172ee461e33d50e39d89511300013157a10008506c52fdbfd6",
    "https://esm.sh/v118/es5-ext@0.10.62/deno/global.js": "5fe45a955818afd1e0e8ad67eeb50f62a4b543588aefd727a1f9b732121a33fa",
    "https://esm.sh/v118/node.ns.d.ts": "0fb081f0cd2150931bd54baa04f31466abd9ca701fd9060d07931402cf8367ba",
    "https://esm.sh/v118/websocket@1.0.34/deno/websocket.mjs": "c71891d0a025245d2f4343916849f5768599bb2870f36f356a7ec74e504daaee"
  }
}
